
Microsoft Visual Studio Solution File, Format Version 12.00
# Visual Studio Version 17
VisualStudioVersion = 17.10.35013.160
MinimumVisualStudioVersion = 10.0.40219.1
Project("{FAE04EC0-301F-11D3-BF4B-00C04F79EFBC}") = "PatikaWeek4FirstClassPractice", "PatikaWeek4FirstClassPractice\PatikaWeek4FirstClassPractice.csproj", "{62C82E4C-28DA-442E-9AC5-BD2A88CC3ACD}"
EndProject
Global
	GlobalSection(SolutionConfigurationPlatforms) = preSolution
		Debug|Any CPU = Debug|Any CPU
		Release|Any CPU = Release|Any CPU
	EndGlobalSection
	GlobalSection(ProjectConfigurationPlatforms) = postSolution
		{62C82E4C-28DA-442E-9AC5-BD2A88CC3ACD}.Debug|Any CPU.ActiveCfg = Debug|Any CPU
		{62C82E4C-28DA-442E-9AC5-BD2A88CC3ACD}.Debug|Any CPU.Build.0 = Debug|Any CPU
		{62C82E4C-28DA-442E-9AC5-BD2A88CC3ACD}.Release|Any CPU.ActiveCfg = Release|Any CPU
		{62C82E4C-28DA-442E-9AC5-BD2A88CC3ACD}.Release|Any CPU.Build.0 = Release|Any CPU
	EndGlobalSection
	GlobalSection(SolutionProperties) = preSolution
		HideSolutionNode = FALSE
	EndGlobalSection
	GlobalSection(ExtensibilityGlobals) = postSolution
		SolutionGuid = {10F73373-96FB-4121-95B9-F79EFCCE1028}
	EndGlobalSection
EndGlobal
